
Microsoft Visual Studio Solution File, Format Version 12.00
# Visual Studio Version 16
VisualStudioVersion = 16.0.33328.57
MinimumVisualStudioVersion = 10.0.40219.1
Project("{FAE04EC0-301F-11D3-BF4B-00C04F79EFBC}") = "PlusOne", "PlusOne\PlusOne.csproj", "{1E2E81C3-165A-405B-8F38-A011E14AB4B9}"
EndProject
Global
	GlobalSection(SolutionConfigurationPlatforms) = preSolution
		Debug|Any CPU = Debug|Any CPU
		Release|Any CPU = Release|Any CPU
	EndGlobalSection
	GlobalSection(ProjectConfigurationPlatforms) = postSolution
		{1E2E81C3-165A-405B-8F38-A011E14AB4B9}.Debug|Any CPU.ActiveCfg = Debug|Any CPU
		{1E2E81C3-165A-405B-8F38-A011E14AB4B9}.Debug|Any CPU.Build.0 = Debug|Any CPU
		{1E2E81C3-165A-405B-8F38-A011E14AB4B9}.Release|Any CPU.ActiveCfg = Release|Any CPU
		{1E2E81C3-165A-405B-8F38-A011E14AB4B9}.Release|Any CPU.Build.0 = Release|Any CPU
	EndGlobalSection
	GlobalSection(SolutionProperties) = preSolution
		HideSolutionNode = FALSE
	EndGlobalSection
	GlobalSection(ExtensibilityGlobals) = postSolution
		SolutionGuid = {EF2F82C2-87E3-4606-8884-2EB2D8D615EE}
	EndGlobalSection
EndGlobal
