
Microsoft Visual Studio Solution File, Format Version 12.00
# Visual Studio Version 16
VisualStudioVersion = 16.0.33328.57
MinimumVisualStudioVersion = 10.0.40219.1
Project("{FAE04EC0-301F-11D3-BF4B-00C04F79EFBC}") = "MajorityElement", "MajorityElement\MajorityElement.csproj", "{DD4C95C5-3257-4A0B-B9AF-66E58C4CA388}"
EndProject
Global
	GlobalSection(SolutionConfigurationPlatforms) = preSolution
		Debug|Any CPU = Debug|Any CPU
		Release|Any CPU = Release|Any CPU
	EndGlobalSection
	GlobalSection(ProjectConfigurationPlatforms) = postSolution
		{DD4C95C5-3257-4A0B-B9AF-66E58C4CA388}.Debug|Any CPU.ActiveCfg = Debug|Any CPU
		{DD4C95C5-3257-4A0B-B9AF-66E58C4CA388}.Debug|Any CPU.Build.0 = Debug|Any CPU
		{DD4C95C5-3257-4A0B-B9AF-66E58C4CA388}.Release|Any CPU.ActiveCfg = Release|Any CPU
		{DD4C95C5-3257-4A0B-B9AF-66E58C4CA388}.Release|Any CPU.Build.0 = Release|Any CPU
	EndGlobalSection
	GlobalSection(SolutionProperties) = preSolution
		HideSolutionNode = FALSE
	EndGlobalSection
	GlobalSection(ExtensibilityGlobals) = postSolution
		SolutionGuid = {4BC4ADC9-D175-43D1-BAAE-FFA5C40CAF3C}
	EndGlobalSection
EndGlobal
