
Microsoft Visual Studio Solution File, Format Version 12.00
# Visual Studio Version 16
VisualStudioVersion = 16.0.33328.57
MinimumVisualStudioVersion = 10.0.40219.1
Project("{FAE04EC0-301F-11D3-BF4B-00C04F79EFBC}") = "TwoSum", "TwoSum\TwoSum.csproj", "{39192EBD-2563-48EF-92FF-4B6FFEF2B470}"
EndProject
Global
	GlobalSection(SolutionConfigurationPlatforms) = preSolution
		Debug|Any CPU = Debug|Any CPU
		Release|Any CPU = Release|Any CPU
	EndGlobalSection
	GlobalSection(ProjectConfigurationPlatforms) = postSolution
		{39192EBD-2563-48EF-92FF-4B6FFEF2B470}.Debug|Any CPU.ActiveCfg = Debug|Any CPU
		{39192EBD-2563-48EF-92FF-4B6FFEF2B470}.Debug|Any CPU.Build.0 = Debug|Any CPU
		{39192EBD-2563-48EF-92FF-4B6FFEF2B470}.Release|Any CPU.ActiveCfg = Release|Any CPU
		{39192EBD-2563-48EF-92FF-4B6FFEF2B470}.Release|Any CPU.Build.0 = Release|Any CPU
	EndGlobalSection
	GlobalSection(SolutionProperties) = preSolution
		HideSolutionNode = FALSE
	EndGlobalSection
	GlobalSection(ExtensibilityGlobals) = postSolution
		SolutionGuid = {597F911D-1A0B-4A39-9D0F-07CF76AE1630}
	EndGlobalSection
EndGlobal
